
Microsoft Visual Studio Solution File, Format Version 12.00
Project("{FAE04EC0-301F-11D3-BF4B-00C04F79EFBC}") = "BuildProject", "BuildProject\BuildProject.csproj", "{6A9C2A81-8385-47F7-80B8-674F8C6D5BD5}"
EndProject
Global
	GlobalSection(SolutionConfigurationPlatforms) = preSolution
		Debug|Any CPU = Debug|Any CPU
		Release|Any CPU = Release|Any CPU
	EndGlobalSection
	GlobalSection(ProjectConfigurationPlatforms) = postSolution
		{6A9C2A81-8385-47F7-80B8-674F8C6D5BD5}.Debug|Any CPU.ActiveCfg = Debug|Any CPU
		{6A9C2A81-8385-47F7-80B8-674F8C6D5BD5}.Debug|Any CPU.Build.0 = Debug|Any CPU
		{6A9C2A81-8385-47F7-80B8-674F8C6D5BD5}.Release|Any CPU.ActiveCfg = Release|Any CPU
		{6A9C2A81-8385-47F7-80B8-674F8C6D5BD5}.Release|Any CPU.Build.0 = Release|Any CPU
	EndGlobalSection
EndGlobal
